
Microsoft Visual Studio Solution File, Format Version 12.00
# Visual Studio Version 17
VisualStudioVersion = 17.5.002.0
MinimumVisualStudioVersion = 10.0.40219.1
Project("{9A19103F-16F7-4668-BE54-9A1E7A4F7556}") = "webiconsetter", "webiconsetter.csproj", "{8D95517B-C25E-4803-8CDB-3A2D3EB2CB6D}"
EndProject
Global
	GlobalSection(SolutionConfigurationPlatforms) = preSolution
		Debug|Any CPU = Debug|Any CPU
		Release|Any CPU = Release|Any CPU
	EndGlobalSection
	GlobalSection(ProjectConfigurationPlatforms) = postSolution
		{8D95517B-C25E-4803-8CDB-3A2D3EB2CB6D}.Debug|Any CPU.ActiveCfg = Debug|Any CPU
		{8D95517B-C25E-4803-8CDB-3A2D3EB2CB6D}.Debug|Any CPU.Build.0 = Debug|Any CPU
		{8D95517B-C25E-4803-8CDB-3A2D3EB2CB6D}.Release|Any CPU.ActiveCfg = Release|Any CPU
		{8D95517B-C25E-4803-8CDB-3A2D3EB2CB6D}.Release|Any CPU.Build.0 = Release|Any CPU
	EndGlobalSection
	GlobalSection(SolutionProperties) = preSolution
		HideSolutionNode = FALSE
	EndGlobalSection
	GlobalSection(ExtensibilityGlobals) = postSolution
		SolutionGuid = {D848DD4D-9741-47A8-9A05-5409CFCA1EA5}
	EndGlobalSection
EndGlobal
